
Microsoft Visual Studio Solution File, Format Version 12.00
# Visual Studio 15
VisualStudioVersion = 15.0.28307.329
MinimumVisualStudioVersion = 10.0.40219.1
Project("{FAE04EC0-301F-11D3-BF4B-00C04F79EFBC}") = "TicTacToe", "TicTacToe\TicTacToe.csproj", "{A6AA5F4F-4AB6-4F67-B89A-D0EB8810118E}"
EndProject
Global
	GlobalSection(SolutionConfigurationPlatforms) = preSolution
		Debug|Any CPU = Debug|Any CPU
		Release|Any CPU = Release|Any CPU
	EndGlobalSection
	GlobalSection(ProjectConfigurationPlatforms) = postSolution
		{A6AA5F4F-4AB6-4F67-B89A-D0EB8810118E}.Debug|Any CPU.ActiveCfg = Debug|Any CPU
		{A6AA5F4F-4AB6-4F67-B89A-D0EB8810118E}.Debug|Any CPU.Build.0 = Debug|Any CPU
		{A6AA5F4F-4AB6-4F67-B89A-D0EB8810118E}.Release|Any CPU.ActiveCfg = Release|Any CPU
		{A6AA5F4F-4AB6-4F67-B89A-D0EB8810118E}.Release|Any CPU.Build.0 = Release|Any CPU
	EndGlobalSection
	GlobalSection(SolutionProperties) = preSolution
		HideSolutionNode = FALSE
	EndGlobalSection
	GlobalSection(ExtensibilityGlobals) = postSolution
		SolutionGuid = {1CE78C1F-E50D-460D-ACBB-CC772A055D41}
	EndGlobalSection
EndGlobal
